[root]
name = "ricem"
version = "0.5.0"
dependencies = [
 "edit-distance 1.0.0 (registry+https://github.com/rust-lang/crates.io-index)",
 "getch 0.1.0 (registry+https://github.com/rust-lang/crates.io-index)",
 "json 0.10.2 (registry+https://github.com/rust-lang/crates.io-index)",
 "maplit 0.1.3 (registry+https://github.com/rust-lang/crates.io-index)",
 "walkdir 0.1.5 (registry+https://github.com/rust-lang/crates.io-index)",
]

[[package]]
name = "edit-distance"
version = "1.0.0"
source = "registry+https://github.com/rust-lang/crates.io-index"

[[package]]
name = "getch"
version = "0.1.0"
source = "registry+https://github.com/rust-lang/crates.io-index"
dependencies = [
 "termios 0.2.2 (registry+https://github.com/rust-lang/crates.io-index)",
]

[[package]]
name = "json"
version = "0.10.2"
source = "registry+https://github.com/rust-lang/crates.io-index"

[[package]]
name = "kernel32-sys"
version = "0.2.2"
source = "registry+https://github.com/rust-lang/crates.io-index"
dependencies = [
 "winapi 0.2.8 (registry+https://github.com/rust-lang/crates.io-index)",
 "winapi-build 0.1.1 (registry+https://github.com/rust-lang/crates.io-index)",
]

[[package]]
name = "libc"
version = "0.2.15"
source = "registry+https://github.com/rust-lang/crates.io-index"

[[package]]
name = "maplit"
version = "0.1.3"
source = "registry+https://github.com/rust-lang/crates.io-index"

[[package]]
name = "termios"
version = "0.2.2"
source = "registry+https://github.com/rust-lang/crates.io-index"
dependencies = [
 "libc 0.2.15 (registry+https://github.com/rust-lang/crates.io-index)",
]

[[package]]
name = "walkdir"
version = "0.1.5"
source = "registry+https://github.com/rust-lang/crates.io-index"
dependencies = [
 "kernel32-sys 0.2.2 (registry+https://github.com/rust-lang/crates.io-index)",
 "winapi 0.2.8 (registry+https://github.com/rust-lang/crates.io-index)",
]

[[package]]
name = "winapi"
version = "0.2.8"
source = "registry+https://github.com/rust-lang/crates.io-index"

[[package]]
name = "winapi-build"
version = "0.1.1"
source = "registry+https://github.com/rust-lang/crates.io-index"

[metadata]
"checksum json 0.10.2 (registry+https://github.com/rust-lang/crates.io-index)" = "772d39b38286c6ebeb2c0412a8d03afd81c3c3ba0046571b9ce9c2ef64475698"
"checksum maplit 0.1.3 (registry+https://github.com/rust-lang/crates.io-index)" = "82f2ee60c78ac46b495940b11047b23f5571b394558841a266f886c6d88f7ebf"
