[root]
name = "ricem"
version = "0.2.0"
dependencies = [
 "json 0.10.2 (registry+https://github.com/rust-lang/crates.io-index)",
 "maplit 0.1.3 (registry+https://github.com/rust-lang/crates.io-index)",
]

[[package]]
name = "json"
version = "0.10.2"
source = "registry+https://github.com/rust-lang/crates.io-index"

[[package]]
name = "maplit"
version = "0.1.3"
source = "registry+https://github.com/rust-lang/crates.io-index"

[metadata]
"checksum json 0.10.2 (registry+https://github.com/rust-lang/crates.io-index)" = "772d39b38286c6ebeb2c0412a8d03afd81c3c3ba0046571b9ce9c2ef64475698"
"checksum maplit 0.1.3 (registry+https://github.com/rust-lang/crates.io-index)" = "82f2ee60c78ac46b495940b11047b23f5571b394558841a266f886c6d88f7ebf"
